
Microsoft Visual Studio Solution File, Format Version 12.00
# Visual Studio Version 17
VisualStudioVersion = 17.3.32901.215
MinimumVisualStudioVersion = 10.0.40219.1
Project("{FAE04EC0-301F-11D3-BF4B-00C04F79EFBC}") = "CalculatorImc", "CalculatorImc.csproj", "{9CF65B09-1BEA-44FA-8DDB-08434F2687CE}"
EndProject
Global
	GlobalSection(SolutionConfigurationPlatforms) = preSolution
		Debug|Any CPU = Debug|Any CPU
		Release|Any CPU = Release|Any CPU
	EndGlobalSection
	GlobalSection(ProjectConfigurationPlatforms) = postSolution
		{9CF65B09-1BEA-44FA-8DDB-08434F2687CE}.Debug|Any CPU.ActiveCfg = Debug|Any CPU
		{9CF65B09-1BEA-44FA-8DDB-08434F2687CE}.Debug|Any CPU.Build.0 = Debug|Any CPU
		{9CF65B09-1BEA-44FA-8DDB-08434F2687CE}.Release|Any CPU.ActiveCfg = Release|Any CPU
		{9CF65B09-1BEA-44FA-8DDB-08434F2687CE}.Release|Any CPU.Build.0 = Release|Any CPU
	EndGlobalSection
	GlobalSection(SolutionProperties) = preSolution
		HideSolutionNode = FALSE
	EndGlobalSection
	GlobalSection(ExtensibilityGlobals) = postSolution
		SolutionGuid = {2D38937B-DCFC-40F5-8C80-8C7363A1C1D0}
	EndGlobalSection
EndGlobal
