
Microsoft Visual Studio Solution File, Format Version 12.00
# Visual Studio Version 17
VisualStudioVersion = 17.3.32901.215
MinimumVisualStudioVersion = 10.0.40219.1
Project("{FAE04EC0-301F-11D3-BF4B-00C04F79EFBC}") = "EditorHtml", "EditorHtml.csproj", "{BDE7243E-5190-475B-84E3-D0A2C83AC78D}"
EndProject
Global
	GlobalSection(SolutionConfigurationPlatforms) = preSolution
		Debug|Any CPU = Debug|Any CPU
		Release|Any CPU = Release|Any CPU
	EndGlobalSection
	GlobalSection(ProjectConfigurationPlatforms) = postSolution
		{BDE7243E-5190-475B-84E3-D0A2C83AC78D}.Debug|Any CPU.ActiveCfg = Debug|Any CPU
		{BDE7243E-5190-475B-84E3-D0A2C83AC78D}.Debug|Any CPU.Build.0 = Debug|Any CPU
		{BDE7243E-5190-475B-84E3-D0A2C83AC78D}.Release|Any CPU.ActiveCfg = Release|Any CPU
		{BDE7243E-5190-475B-84E3-D0A2C83AC78D}.Release|Any CPU.Build.0 = Release|Any CPU
	EndGlobalSection
	GlobalSection(SolutionProperties) = preSolution
		HideSolutionNode = FALSE
	EndGlobalSection
	GlobalSection(ExtensibilityGlobals) = postSolution
		SolutionGuid = {77FD588D-1146-4905-984A-2DAB80C1B857}
	EndGlobalSection
EndGlobal
