
Microsoft Visual Studio Solution File, Format Version 12.00
# Visual Studio Version 17
VisualStudioVersion = 17.3.32901.215
MinimumVisualStudioVersion = 10.0.40219.1
Project("{FAE04EC0-301F-11D3-BF4B-00C04F79EFBC}") = "TreinamentoCs", "TreinamentoCs\TreinamentoCs.csproj", "{B6BCD456-EEC2-4B4A-BF1C-F801A6777225}"
EndProject
Global
	GlobalSection(SolutionConfigurationPlatforms) = preSolution
		Debug|Any CPU = Debug|Any CPU
		Release|Any CPU = Release|Any CPU
	EndGlobalSection
	GlobalSection(ProjectConfigurationPlatforms) = postSolution
		{B6BCD456-EEC2-4B4A-BF1C-F801A6777225}.Debug|Any CPU.ActiveCfg = Debug|Any CPU
		{B6BCD456-EEC2-4B4A-BF1C-F801A6777225}.Debug|Any CPU.Build.0 = Debug|Any CPU
		{B6BCD456-EEC2-4B4A-BF1C-F801A6777225}.Release|Any CPU.ActiveCfg = Release|Any CPU
		{B6BCD456-EEC2-4B4A-BF1C-F801A6777225}.Release|Any CPU.Build.0 = Release|Any CPU
	EndGlobalSection
	GlobalSection(SolutionProperties) = preSolution
		HideSolutionNode = FALSE
	EndGlobalSection
	GlobalSection(ExtensibilityGlobals) = postSolution
		SolutionGuid = {50E351DF-EA78-4122-9EA0-5484942C3F19}
	EndGlobalSection
EndGlobal
